{
  "name": "giphy-lib",
  "version": "1.0.0",
  "lockfileVersion": 1,
  "dependencies": {
    "encoding": {
      "version": "0.1.12",
      "resolved": "https://repo.dev.wixpress.com/artifactory/api/npm/npm-repos/encoding/-/encoding-0.1.12.tgz",
      "integrity": "sha1-U4tm8+5izRq1HsMjgp0flIDHS+s="
    },
    "iconv-lite": {
      "version": "0.4.18",
      "resolved": "https://repo.dev.wixpress.com/artifactory/api/npm/npm-repos/iconv-lite/-/iconv-lite-0.4.18.tgz",
      "integrity": "sha1-I9hlaxaq5nQqwpcy6o8DNqR4nPI="
    },
    "is-stream": {
      "version": "1.1.0",
      "resolved": "https://repo.dev.wixpress.com/artifactory/api/npm/npm-repos/is-stream/-/is-stream-1.1.0.tgz",
      "integrity": "sha1-EtSj3U5o4Lec6428hBc66A2RykQ="
    },
    "isomorphic-fetch": {
      "version": "2.2.1",
      "resolved": "https://repo.dev.wixpress.com/artifactory/api/npm/npm-repos/isomorphic-fetch/-/isomorphic-fetch-2.2.1.tgz",
      "integrity": "sha1-YRrhrPFPXoH3KVB0coGf6XM1WKk="
    },
    "node-fetch": {
      "version": "1.7.1",
      "resolved": "https://repo.dev.wixpress.com/artifactory/api/npm/npm-repos/node-fetch/-/node-fetch-1.7.1.tgz",
      "integrity": "sha1-iZyz0KPJL5UsR/G4dvTIrqvUANU="
    },
    "whatwg-fetch": {
      "version": "2.0.3",
      "resolved": "https://repo.dev.wixpress.com/artifactory/api/npm/npm-repos/whatwg-fetch/-/whatwg-fetch-2.0.3.tgz",
      "integrity": "sha1-nITsLc9oGH/wC8ZOEnS0QhduHIQ="
    }
  }
}
